
Microsoft Visual Studio Solution File, Format Version 12.00
# Visual Studio Version 16
VisualStudioVersion = 16.0.29609.76
MinimumVisualStudioVersion = 10.0.40219.1
Project("{FAE04EC0-301F-11D3-BF4B-00C04F79EFBC}") = "CityInfo.Api", "CityInfo.Api\CityInfo.Api.csproj", "{D46BE42D-E986-49CE-8545-DB35F195CF97}"
EndProject
Global
	GlobalSection(SolutionConfigurationPlatforms) = preSolution
		Debug|Any CPU = Debug|Any CPU
		Release|Any CPU = Release|Any CPU
	EndGlobalSection
	GlobalSection(ProjectConfigurationPlatforms) = postSolution
		{D46BE42D-E986-49CE-8545-DB35F195CF97}.Debug|Any CPU.ActiveCfg = Debug|Any CPU
		{D46BE42D-E986-49CE-8545-DB35F195CF97}.Debug|Any CPU.Build.0 = Debug|Any CPU
		{D46BE42D-E986-49CE-8545-DB35F195CF97}.Release|Any CPU.ActiveCfg = Release|Any CPU
		{D46BE42D-E986-49CE-8545-DB35F195CF97}.Release|Any CPU.Build.0 = Release|Any CPU
	EndGlobalSection
	GlobalSection(SolutionProperties) = preSolution
		HideSolutionNode = FALSE
	EndGlobalSection
	GlobalSection(ExtensibilityGlobals) = postSolution
		SolutionGuid = {0D5AAD8C-F1B9-4AA8-A551-6E6FA47E56CD}
	EndGlobalSection
EndGlobal
